PODS:
  - MBCircularProgressBar (0.3.5)

DEPENDENCIES:
  - MBCircularProgressBar

SPEC REPOS:
  https://github.com/cocoapods/specs.git:
    - MBCircularProgressBar

SPEC CHECKSUMS:
  MBCircularProgressBar: 0b795b722a5eb5b0923822f90474e2576a1a7855

PODFILE CHECKSUM: 1b46a042f81bd122bdebaa44c93487d826c7920c

COCOAPODS: 1.5.2
